
Microsoft Visual Studio Solution File, Format Version 12.00
# Visual Studio Version 17
VisualStudioVersion = 17.5.002.0
MinimumVisualStudioVersion = 10.0.40219.1
Project("{9A19103F-16F7-4668-BE54-9A1E7A4F7556}") = "LogcatHttpClient", "LogcatHttpClient.csproj", "{F22BD667-AD1E-4E7B-8DFE-6F1F3C6BF6EA}"
EndProject
Global
	GlobalSection(SolutionConfigurationPlatforms) = preSolution
		Debug|Any CPU = Debug|Any CPU
		Release|Any CPU = Release|Any CPU
	EndGlobalSection
	GlobalSection(ProjectConfigurationPlatforms) = postSolution
		{F22BD667-AD1E-4E7B-8DFE-6F1F3C6BF6EA}.Debug|Any CPU.ActiveCfg = Debug|Any CPU
		{F22BD667-AD1E-4E7B-8DFE-6F1F3C6BF6EA}.Debug|Any CPU.Build.0 = Debug|Any CPU
		{F22BD667-AD1E-4E7B-8DFE-6F1F3C6BF6EA}.Release|Any CPU.ActiveCfg = Release|Any CPU
		{F22BD667-AD1E-4E7B-8DFE-6F1F3C6BF6EA}.Release|Any CPU.Build.0 = Release|Any CPU
	EndGlobalSection
	GlobalSection(SolutionProperties) = preSolution
		HideSolutionNode = FALSE
	EndGlobalSection
	GlobalSection(ExtensibilityGlobals) = postSolution
		SolutionGuid = {B8BB6890-9C18-4559-8F4C-6384F995F036}
	EndGlobalSection
EndGlobal
